
Microsoft Visual Studio Solution File, Format Version 12.00
# Visual Studio 2013
VisualStudioVersion = 12.0.21005.1
MinimumVisualStudioVersion = 10.0.40219.1
Project("{FAE04EC0-301F-11D3-BF4B-00C04F79EFBC}") = "Quiron.LojaVirtual.Dominio", "Quiron.LojaVirtual.Dominio\Quiron.LojaVirtual.Dominio.csproj", "{C0697A99-B753-4EAF-A52E-5E9FE7AC9F3B}"
EndProject
Project("{FAE04EC0-301F-11D3-BF4B-00C04F79EFBC}") = "Quiron.LojaVirtual.Web", "Quiron.LojaVirtual.Web\Quiron.LojaVirtual.Web.csproj", "{92CCD616-FC48-4C45-B016-DD3828609B82}"
EndProject
Project("{FAE04EC0-301F-11D3-BF4B-00C04F79EFBC}") = "Quiron.LojaVirtual.UnitTest", "Quiron.LojaVirtual.UnitTest\Quiron.LojaVirtual.UnitTest.csproj", "{B1744DBC-344E-492D-A6A2-F4DA76E3120A}"
EndProject
Global
	GlobalSection(SolutionConfigurationPlatforms) = preSolution
		Debug|Any CPU = Debug|Any CPU
		Release|Any CPU = Release|Any CPU
	EndGlobalSection
	GlobalSection(ProjectConfigurationPlatforms) = postSolution
		{C0697A99-B753-4EAF-A52E-5E9FE7AC9F3B}.Debug|Any CPU.ActiveCfg = Debug|Any CPU
		{C0697A99-B753-4EAF-A52E-5E9FE7AC9F3B}.Debug|Any CPU.Build.0 = Debug|Any CPU
		{C0697A99-B753-4EAF-A52E-5E9FE7AC9F3B}.Release|Any CPU.ActiveCfg = Release|Any CPU
		{C0697A99-B753-4EAF-A52E-5E9FE7AC9F3B}.Release|Any CPU.Build.0 = Release|Any CPU
		{92CCD616-FC48-4C45-B016-DD3828609B82}.Debug|Any CPU.ActiveCfg = Debug|Any CPU
		{92CCD616-FC48-4C45-B016-DD3828609B82}.Debug|Any CPU.Build.0 = Debug|Any CPU
		{92CCD616-FC48-4C45-B016-DD3828609B82}.Release|Any CPU.ActiveCfg = Release|Any CPU
		{92CCD616-FC48-4C45-B016-DD3828609B82}.Release|Any CPU.Build.0 = Release|Any CPU
		{B1744DBC-344E-492D-A6A2-F4DA76E3120A}.Debug|Any CPU.ActiveCfg = Debug|Any CPU
		{B1744DBC-344E-492D-A6A2-F4DA76E3120A}.Debug|Any CPU.Build.0 = Debug|Any CPU
		{B1744DBC-344E-492D-A6A2-F4DA76E3120A}.Release|Any CPU.ActiveCfg = Release|Any CPU
		{B1744DBC-344E-492D-A6A2-F4DA76E3120A}.Release|Any CPU.Build.0 = Release|Any CPU
	EndGlobalSection
	GlobalSection(SolutionProperties) = preSolution
		HideSolutionNode = FALSE
	EndGlobalSection
EndGlobal
